
Microsoft Visual Studio Solution File, Format Version 12.00
# Visual Studio Version 17
VisualStudioVersion = 17.14.36518.9 d17.14
MinimumVisualStudioVersion = 10.0.40219.1
Project("{FAE04EC0-301F-11D3-BF4B-00C04F79EFBC}") = "ConsoleApp1", "ConsoleApp1.csproj", "{90ED82E5-CD2A-4682-B36A-491C0C798E15}"
EndProject
Global
	GlobalSection(SolutionConfigurationPlatforms) = preSolution
		Debug|Any CPU = Debug|Any CPU
		Release|Any CPU = Release|Any CPU
	EndGlobalSection
	GlobalSection(ProjectConfigurationPlatforms) = postSolution
		{90ED82E5-CD2A-4682-B36A-491C0C798E15}.Debug|Any CPU.ActiveCfg = Debug|Any CPU
		{90ED82E5-CD2A-4682-B36A-491C0C798E15}.Debug|Any CPU.Build.0 = Debug|Any CPU
		{90ED82E5-CD2A-4682-B36A-491C0C798E15}.Release|Any CPU.ActiveCfg = Release|Any CPU
		{90ED82E5-CD2A-4682-B36A-491C0C798E15}.Release|Any CPU.Build.0 = Release|Any CPU
	EndGlobalSection
	GlobalSection(SolutionProperties) = preSolution
		HideSolutionNode = FALSE
	EndGlobalSection
	GlobalSection(ExtensibilityGlobals) = postSolution
		SolutionGuid = {655F8AD8-86E9-4D80-904B-2ECDA219F7F2}
	EndGlobalSection
EndGlobal
